
Microsoft Visual Studio Solution File, Format Version 12.00
# Visual Studio Version 16
VisualStudioVersion = 16.0.29728.190
MinimumVisualStudioVersion = 10.0.40219.1
Project("{FAE04EC0-301F-11D3-BF4B-00C04F79EFBC}") = "TridionCILTest", "TridionCILTest.csproj", "{19B79FD9-43AA-46E8-86B9-2E167BF0BE56}"
EndProject
Global
	GlobalSection(SolutionConfigurationPlatforms) = preSolution
		Debug|Any CPU = Debug|Any CPU
		Release|Any CPU = Release|Any CPU
	EndGlobalSection
	GlobalSection(ProjectConfigurationPlatforms) = postSolution
		{19B79FD9-43AA-46E8-86B9-2E167BF0BE56}.Debug|Any CPU.ActiveCfg = Debug|Any CPU
		{19B79FD9-43AA-46E8-86B9-2E167BF0BE56}.Debug|Any CPU.Build.0 = Debug|Any CPU
		{19B79FD9-43AA-46E8-86B9-2E167BF0BE56}.Release|Any CPU.ActiveCfg = Release|Any CPU
		{19B79FD9-43AA-46E8-86B9-2E167BF0BE56}.Release|Any CPU.Build.0 = Release|Any CPU
	EndGlobalSection
	GlobalSection(SolutionProperties) = preSolution
		HideSolutionNode = FALSE
	EndGlobalSection
	GlobalSection(ExtensibilityGlobals) = postSolution
		SolutionGuid = {D5377A3B-021C-47D0-8D57-B2B30D3DD2F8}
	EndGlobalSection
EndGlobal
